<?xml version="1.0" encoding="utf-8"?>
<Project ToolsVersion="4.0" xmlns="http://schemas.microsoft.com/developer/msbuild/2003">
  <ItemGroup>
    <Filter Include="Source Files">
      <UniqueIdentifier>{4FC737F1-C7A5-4376-A066-2A32D752A2FF}</UniqueIdentifier>
      <Extensions>cpp;c;cc;cxx;c++;cppm;ixx;def;odl;idl;hpj;bat;asm;asmx</Extensions>
    </Filter>
    <Filter Include="Header Files">
      <UniqueIdentifier>{93995380-89BD-4b04-88EB-625FBE52EBFB}</UniqueIdentifier>
      <Extensions>h;hh;hpp;hxx;h++;hm;inl;inc;ipp;xsd</Extensions>
    </Filter>
    <Filter Include="Resource Files">
      <UniqueIdentifier>{67DA6AB6-F800-4c08-8B7A-83BB121AAD01}</UniqueIdentifier>
      <Extensions>rc;ico;cur;bmp;dlg;rc2;rct;bin;rgs;gif;jpg;jpeg;jpe;resx;tiff;tif;png;wav;mfcribbon-ms</Extensions>
    </Filter>
    <Filter Include="Header Files\box2D">
      <UniqueIdentifier>{e749353e-5fdc-4590-8f87-cf147c8842e0}</UniqueIdentifier>
    </Filter>
    <Filter Include="Header Files\utils">
      <UniqueIdentifier>{747b9ad6-ab59-4111-95e4-23b8cff4bfe9}</UniqueIdentifier>
    </Filter>
    <Filter Include="Source Files\box2D">
      <UniqueIdentifier>{46ecba1a-19e9-4002-8b4d-58e22a0a6ffe}</UniqueIdentifier>
    </Filter>
    <Filter Include="Source Files\utils">
      <UniqueIdentifier>{2d6458ce-83bd-41dd-b19e-bd8a4a50f4c6}</UniqueIdentifier>
    </Filter>
    <Filter Include="Header Files\shapes">
      <UniqueIdentifier>{54327d41-f2db-44ca-8839-04127bb914eb}</UniqueIdentifier>
    </Filter>
    <Filter Include="Source Files\shapes">
      <UniqueIdentifier>{2590b2d9-9864-491d-ac4c-6470261f7169}</UniqueIdentifier>
    </Filter>
    <Filter Include="Header Files\builderStates">
      <UniqueIdentifier>{51233b23-37c2-471b-8e39-3cf87672a0ae}</UniqueIdentifier>
    </Filter>
    <Filter Include="Source Files\builderState">
      <UniqueIdentifier>{2895f174-bdfa-42ec-971b-f9e81b80250f}</UniqueIdentifier>
    </Filter>
    <Filter Include="Header Files\ExampleScenes">
      <UniqueIdentifier>{a47ac7c3-6692-4c82-9376-c7a19110694b}</UniqueIdentifier>
    </Filter>
  </ItemGroup>
  <ItemGroup>
    <ClCompile Include="src\game.cpp">
      <Filter>Source Files</Filter>
    </ClCompile>
    <ClCompile Include="src\main.cpp">
      <Filter>Source Files</Filter>
    </ClCompile>
    <ClCompile Include="src\box2d\rope\b2_rope.cpp">
      <Filter>Source Files\box2D</Filter>
    </ClCompile>
    <ClCompile Include="src\box2d\dynamics\b2_body.cpp">
      <Filter>Source Files\box2D</Filter>
    </ClCompile>
    <ClCompile Include="src\box2d\dynamics\b2_chain_circle_contact.cpp">
      <Filter>Source Files\box2D</Filter>
    </ClCompile>
    <ClCompile Include="src\box2d\dynamics\b2_chain_polygon_contact.cpp">
      <Filter>Source Files\box2D</Filter>
    </ClCompile>
    <ClCompile Include="src\box2d\dynamics\b2_circle_contact.cpp">
      <Filter>Source Files\box2D</Filter>
    </ClCompile>
    <ClCompile Include="src\box2d\dynamics\b2_contact.cpp">
      <Filter>Source Files\box2D</Filter>
    </ClCompile>
    <ClCompile Include="src\box2d\dynamics\b2_contact_manager.cpp">
      <Filter>Source Files\box2D</Filter>
    </ClCompile>
    <ClCompile Include="src\box2d\dynamics\b2_contact_solver.cpp">
      <Filter>Source Files\box2D</Filter>
    </ClCompile>
    <ClCompile Include="src\box2d\dynamics\b2_distance_joint.cpp">
      <Filter>Source Files\box2D</Filter>
    </ClCompile>
    <ClCompile Include="src\box2d\dynamics\b2_edge_circle_contact.cpp">
      <Filter>Source Files\box2D</Filter>
    </ClCompile>
    <ClCompile Include="src\box2d\dynamics\b2_edge_polygon_contact.cpp">
      <Filter>Source Files\box2D</Filter>
    </ClCompile>
    <ClCompile Include="src\box2d\dynamics\b2_fixture.cpp">
      <Filter>Source Files\box2D</Filter>
    </ClCompile>
    <ClCompile Include="src\box2d\dynamics\b2_friction_joint.cpp">
      <Filter>Source Files\box2D</Filter>
    </ClCompile>
    <ClCompile Include="src\box2d\dynamics\b2_gear_joint.cpp">
      <Filter>Source Files\box2D</Filter>
    </ClCompile>
    <ClCompile Include="src\box2d\dynamics\b2_island.cpp">
      <Filter>Source Files\box2D</Filter>
    </ClCompile>
    <ClCompile Include="src\box2d\dynamics\b2_joint.cpp">
      <Filter>Source Files\box2D</Filter>
    </ClCompile>
    <ClCompile Include="src\box2d\dynamics\b2_motor_joint.cpp">
      <Filter>Source Files\box2D</Filter>
    </ClCompile>
    <ClCompile Include="src\box2d\dynamics\b2_mouse_joint.cpp">
      <Filter>Source Files\box2D</Filter>
    </ClCompile>
    <ClCompile Include="src\box2d\dynamics\b2_polygon_circle_contact.cpp">
      <Filter>Source Files\box2D</Filter>
    </ClCompile>
    <ClCompile Include="src\box2d\dynamics\b2_polygon_contact.cpp">
      <Filter>Source Files\box2D</Filter>
    </ClCompile>
    <ClCompile Include="src\box2d\dynamics\b2_prismatic_joint.cpp">
      <Filter>Source Files\box2D</Filter>
    </ClCompile>
    <ClCompile Include="src\box2d\dynamics\b2_pulley_joint.cpp">
      <Filter>Source Files\box2D</Filter>
    </ClCompile>
    <ClCompile Include="src\box2d\dynamics\b2_revolute_joint.cpp">
      <Filter>Source Files\box2D</Filter>
    </ClCompile>
    <ClCompile Include="src\box2d\dynamics\b2_weld_joint.cpp">
      <Filter>Source Files\box2D</Filter>
    </ClCompile>
    <ClCompile Include="src\box2d\dynamics\b2_wheel_joint.cpp">
      <Filter>Source Files\box2D</Filter>
    </ClCompile>
    <ClCompile Include="src\box2d\dynamics\b2_world.cpp">
      <Filter>Source Files\box2D</Filter>
    </ClCompile>
    <ClCompile Include="src\box2d\dynamics\b2_world_callbacks.cpp">
      <Filter>Source Files\box2D</Filter>
    </ClCompile>
    <ClCompile Include="src\box2d\common\b2_block_allocator.cpp">
      <Filter>Source Files\box2D</Filter>
    </ClCompile>
    <ClCompile Include="src\box2d\common\b2_draw.cpp">
      <Filter>Source Files\box2D</Filter>
    </ClCompile>
    <ClCompile Include="src\box2d\common\b2_math.cpp">
      <Filter>Source Files\box2D</Filter>
    </ClCompile>
    <ClCompile Include="src\box2d\common\b2_settings.cpp">
      <Filter>Source Files\box2D</Filter>
    </ClCompile>
    <ClCompile Include="src\box2d\common\b2_stack_allocator.cpp">
      <Filter>Source Files\box2D</Filter>
    </ClCompile>
    <ClCompile Include="src\box2d\common\b2_timer.cpp">
      <Filter>Source Files\box2D</Filter>
    </ClCompile>
    <ClCompile Include="src\box2d\collision\b2_broad_phase.cpp">
      <Filter>Source Files\box2D</Filter>
    </ClCompile>
    <ClCompile Include="src\box2d\collision\b2_chain_shape.cpp">
      <Filter>Source Files\box2D</Filter>
    </ClCompile>
    <ClCompile Include="src\box2d\collision\b2_circle_shape.cpp">
      <Filter>Source Files\box2D</Filter>
    </ClCompile>
    <ClCompile Include="src\box2d\collision\b2_collide_circle.cpp">
      <Filter>Source Files\box2D</Filter>
    </ClCompile>
    <ClCompile Include="src\box2d\collision\b2_collide_edge.cpp">
      <Filter>Source Files\box2D</Filter>
    </ClCompile>
    <ClCompile Include="src\box2d\collision\b2_collide_polygon.cpp">
      <Filter>Source Files\box2D</Filter>
    </ClCompile>
    <ClCompile Include="src\box2d\collision\b2_collision.cpp">
      <Filter>Source Files\box2D</Filter>
    </ClCompile>
    <ClCompile Include="src\box2d\collision\b2_distance.cpp">
      <Filter>Source Files\box2D</Filter>
    </ClCompile>
    <ClCompile Include="src\box2d\collision\b2_dynamic_tree.cpp">
      <Filter>Source Files\box2D</Filter>
    </ClCompile>
    <ClCompile Include="src\box2d\collision\b2_edge_shape.cpp">
      <Filter>Source Files\box2D</Filter>
    </ClCompile>
    <ClCompile Include="src\box2d\collision\b2_polygon_shape.cpp">
      <Filter>Source Files\box2D</Filter>
    </ClCompile>
    <ClCompile Include="src\box2d\collision\b2_time_of_impact.cpp">
      <Filter>Source Files\box2D</Filter>
    </ClCompile>
    <ClCompile Include="src\shapeManager.cpp">
      <Filter>Source Files\shapes</Filter>
    </ClCompile>
    <ClCompile Include="src\polygonShape.cpp">
      <Filter>Source Files\shapes</Filter>
    </ClCompile>
    <ClCompile Include="src\circleShape.cpp">
      <Filter>Source Files\shapes</Filter>
    </ClCompile>
    <ClCompile Include="src\shapeEditor.cpp">
      <Filter>Source Files</Filter>
    </ClCompile>
    <ClCompile Include="src\guiManager.cpp">
      <Filter>Source Files</Filter>
    </ClCompile>
    <ClCompile Include="src\utils\vectorMaths.cpp">
      <Filter>Source Files\utils</Filter>
    </ClCompile>
    <ClCompile Include="src\createState.cpp">
      <Filter>Source Files\builderState</Filter>
    </ClCompile>
    <ClCompile Include="src\selectState.cpp">
      <Filter>Source Files\builderState</Filter>
    </ClCompile>
    <ClCompile Include="src\rotateState.cpp">
      <Filter>Source Files\builderState</Filter>
    </ClCompile>
    <ClCompile Include="src\scaleState.cpp">
      <Filter>Source Files\builderState</Filter>
    </ClCompile>
    <ClCompile Include="src\moveState.cpp">
      <Filter>Source Files\builderState</Filter>
    </ClCompile>
    <ClCompile Include="src\utils\levelLoader.cpp">
      <Filter>Source Files\utils</Filter>
    </ClCompile>
    <ClCompile Include="src\distanceJoint.cpp">
      <Filter>Source Files\builderState</Filter>
    </ClCompile>
    <ClCompile Include="src\Ishape.cpp">
      <Filter>Source Files\shapes</Filter>
    </ClCompile>
    <ClCompile Include="src\jointEditor.cpp">
      <Filter>Source Files</Filter>
    </ClCompile>
    <ClCompile Include="src\wheelJoint.cpp">
      <Filter>Source Files\builderState</Filter>
    </ClCompile>
  </ItemGroup>
  <ItemGroup>
    <ClInclude Include="include\box2d\b2_api.h">
      <Filter>Header Files\box2D</Filter>
    </ClInclude>
    <ClInclude Include="include\box2d\b2_block_allocator.h">
      <Filter>Header Files\box2D</Filter>
    </ClInclude>
    <ClInclude Include="include\box2d\b2_body.h">
      <Filter>Header Files\box2D</Filter>
    </ClInclude>
    <ClInclude Include="include\box2d\b2_broad_phase.h">
      <Filter>Header Files\box2D</Filter>
    </ClInclude>
    <ClInclude Include="include\box2d\b2_chain_shape.h">
      <Filter>Header Files\box2D</Filter>
    </ClInclude>
    <ClInclude Include="include\box2d\b2_circle_shape.h">
      <Filter>Header Files\box2D</Filter>
    </ClInclude>
    <ClInclude Include="include\box2d\b2_collision.h">
      <Filter>Header Files\box2D</Filter>
    </ClInclude>
    <ClInclude Include="include\box2d\b2_common.h">
      <Filter>Header Files\box2D</Filter>
    </ClInclude>
    <ClInclude Include="include\box2d\b2_contact.h">
      <Filter>Header Files\box2D</Filter>
    </ClInclude>
    <ClInclude Include="include\box2d\b2_contact_manager.h">
      <Filter>Header Files\box2D</Filter>
    </ClInclude>
    <ClInclude Include="include\box2d\b2_distance.h">
      <Filter>Header Files\box2D</Filter>
    </ClInclude>
    <ClInclude Include="include\box2d\b2_distance_joint.h">
      <Filter>Header Files\box2D</Filter>
    </ClInclude>
    <ClInclude Include="include\box2d\b2_draw.h">
      <Filter>Header Files\box2D</Filter>
    </ClInclude>
    <ClInclude Include="include\box2d\b2_dynamic_tree.h">
      <Filter>Header Files\box2D</Filter>
    </ClInclude>
    <ClInclude Include="include\box2d\b2_edge_shape.h">
      <Filter>Header Files\box2D</Filter>
    </ClInclude>
    <ClInclude Include="include\box2d\b2_fixture.h">
      <Filter>Header Files\box2D</Filter>
    </ClInclude>
    <ClInclude Include="include\box2d\b2_friction_joint.h">
      <Filter>Header Files\box2D</Filter>
    </ClInclude>
    <ClInclude Include="include\box2d\b2_gear_joint.h">
      <Filter>Header Files\box2D</Filter>
    </ClInclude>
    <ClInclude Include="include\box2d\b2_growable_stack.h">
      <Filter>Header Files\box2D</Filter>
    </ClInclude>
    <ClInclude Include="include\box2d\b2_joint.h">
      <Filter>Header Files\box2D</Filter>
    </ClInclude>
    <ClInclude Include="include\box2d\b2_math.h">
      <Filter>Header Files\box2D</Filter>
    </ClInclude>
    <ClInclude Include="include\box2d\b2_motor_joint.h">
      <Filter>Header Files\box2D</Filter>
    </ClInclude>
    <ClInclude Include="include\box2d\b2_mouse_joint.h">
      <Filter>Header Files\box2D</Filter>
    </ClInclude>
    <ClInclude Include="include\box2d\b2_polygon_shape.h">
      <Filter>Header Files\box2D</Filter>
    </ClInclude>
    <ClInclude Include="include\box2d\b2_prismatic_joint.h">
      <Filter>Header Files\box2D</Filter>
    </ClInclude>
    <ClInclude Include="include\box2d\b2_pulley_joint.h">
      <Filter>Header Files\box2D</Filter>
    </ClInclude>
    <ClInclude Include="include\box2d\b2_revolute_joint.h">
      <Filter>Header Files\box2D</Filter>
    </ClInclude>
    <ClInclude Include="include\box2d\b2_rope.h">
      <Filter>Header Files\box2D</Filter>
    </ClInclude>
    <ClInclude Include="include\box2d\b2_settings.h">
      <Filter>Header Files\box2D</Filter>
    </ClInclude>
    <ClInclude Include="include\box2d\b2_shape.h">
      <Filter>Header Files\box2D</Filter>
    </ClInclude>
    <ClInclude Include="include\box2d\b2_stack_allocator.h">
      <Filter>Header Files\box2D</Filter>
    </ClInclude>
    <ClInclude Include="include\box2d\b2_time_of_impact.h">
      <Filter>Header Files\box2D</Filter>
    </ClInclude>
    <ClInclude Include="include\box2d\b2_time_step.h">
      <Filter>Header Files\box2D</Filter>
    </ClInclude>
    <ClInclude Include="include\box2d\b2_timer.h">
      <Filter>Header Files\box2D</Filter>
    </ClInclude>
    <ClInclude Include="include\box2d\b2_types.h">
      <Filter>Header Files\box2D</Filter>
    </ClInclude>
    <ClInclude Include="include\box2d\b2_weld_joint.h">
      <Filter>Header Files\box2D</Filter>
    </ClInclude>
    <ClInclude Include="include\box2d\b2_wheel_joint.h">
      <Filter>Header Files\box2D</Filter>
    </ClInclude>
    <ClInclude Include="include\box2d\b2_world.h">
      <Filter>Header Files\box2D</Filter>
    </ClInclude>
    <ClInclude Include="include\box2d\b2_world_callbacks.h">
      <Filter>Header Files\box2D</Filter>
    </ClInclude>
    <ClInclude Include="include\box2d\box2d.h">
      <Filter>Header Files\box2D</Filter>
    </ClInclude>
    <ClInclude Include="include\utils\json.hpp">
      <Filter>Header Files\utils</Filter>
    </ClInclude>
    <ClInclude Include="include\utils\vector.h">
      <Filter>Header Files\utils</Filter>
    </ClInclude>
    <ClInclude Include="include\game.h">
      <Filter>Header Files</Filter>
    </ClInclude>
    <ClInclude Include="include\globals.h">
      <Filter>Header Files</Filter>
    </ClInclude>
    <ClInclude Include="include\worldManager.h">
      <Filter>Header Files</Filter>
    </ClInclude>
    <ClInclude Include="src\box2d\dynamics\b2_chain_circle_contact.h">
      <Filter>Source Files\box2D</Filter>
    </ClInclude>
    <ClInclude Include="src\box2d\dynamics\b2_chain_polygon_contact.h">
      <Filter>Source Files\box2D</Filter>
    </ClInclude>
    <ClInclude Include="src\box2d\dynamics\b2_circle_contact.h">
      <Filter>Source Files\box2D</Filter>
    </ClInclude>
    <ClInclude Include="src\box2d\dynamics\b2_contact_solver.h">
      <Filter>Source Files\box2D</Filter>
    </ClInclude>
    <ClInclude Include="src\box2d\dynamics\b2_edge_circle_contact.h">
      <Filter>Source Files\box2D</Filter>
    </ClInclude>
    <ClInclude Include="src\box2d\dynamics\b2_edge_polygon_contact.h">
      <Filter>Source Files\box2D</Filter>
    </ClInclude>
    <ClInclude Include="src\box2d\dynamics\b2_island.h">
      <Filter>Source Files\box2D</Filter>
    </ClInclude>
    <ClInclude Include="src\box2d\dynamics\b2_polygon_circle_contact.h">
      <Filter>Source Files\box2D</Filter>
    </ClInclude>
    <ClInclude Include="src\box2d\dynamics\b2_polygon_contact.h">
      <Filter>Source Files\box2D</Filter>
    </ClInclude>
    <ClInclude Include="include\circleShape.h">
      <Filter>Header Files\shapes</Filter>
    </ClInclude>
    <ClInclude Include="include\polygonShape.h">
      <Filter>Header Files\shapes</Filter>
    </ClInclude>
    <ClInclude Include="include\shapeManager.h">
      <Filter>Header Files\shapes</Filter>
    </ClInclude>
    <ClInclude Include="include\shapeEditor.h">
      <Filter>Header Files</Filter>
    </ClInclude>
    <ClInclude Include="include\guiManager.h">
      <Filter>Header Files</Filter>
    </ClInclude>
    <ClInclude Include="include\utils\vectorMaths.h">
      <Filter>Header Files\utils</Filter>
    </ClInclude>
    <ClInclude Include="include\IbuildState.h">
      <Filter>Header Files\builderStates</Filter>
    </ClInclude>
    <ClInclude Include="include\createState.h">
      <Filter>Header Files\builderStates</Filter>
    </ClInclude>
    <ClInclude Include="include\moveState.h">
      <Filter>Header Files\builderStates</Filter>
    </ClInclude>
    <ClInclude Include="include\rotateState.h">
      <Filter>Header Files\builderStates</Filter>
    </ClInclude>
    <ClInclude Include="include\scaleState.h">
      <Filter>Header Files\builderStates</Filter>
    </ClInclude>
    <ClInclude Include="include\selectState.h">
      <Filter>Header Files\builderStates</Filter>
    </ClInclude>
    <ClInclude Include="include\Ishape.h">
      <Filter>Header Files\shapes</Filter>
    </ClInclude>
    <ClInclude Include="include\utils\levelLoader.h">
      <Filter>Header Files\utils</Filter>
    </ClInclude>
    <ClInclude Include="include\distanceJoint.h">
      <Filter>Header Files\builderStates</Filter>
    </ClInclude>
    <ClInclude Include="include\shapeContactListener.h">
      <Filter>Header Files\shapes</Filter>
    </ClInclude>
    <ClInclude Include="include\utils\ContactCallback.h">
      <Filter>Header Files\utils</Filter>
    </ClInclude>
    <ClInclude Include="include\ExampleScenes\Platformer.h">
      <Filter>Header Files\ExampleScenes</Filter>
    </ClInclude>
    <ClInclude Include="include\ExampleScenes\SceneManager.h">
      <Filter>Header Files\ExampleScenes</Filter>
    </ClInclude>
    <ClInclude Include="include\ExampleScenes\IBaseScene.h">
      <Filter>Header Files\ExampleScenes</Filter>
    </ClInclude>
    <ClInclude Include="include\jointEditor.h">
      <Filter>Header Files</Filter>
    </ClInclude>
    <ClInclude Include="include\wheelJoint.h">
      <Filter>Header Files\builderStates</Filter>
    </ClInclude>
  </ItemGroup>
</Project>